{
  "version": 4,
  "terraform_version": "0.15.0",
  "serial": 52,
  "lineage": "0f156d34-453b-651f-5d4b-3e24810c4f6d",
  "outputs": {},
  "resources": [
    {
      "mode": "managed",
      "type": "aws_instance",
      "name": "web",
      "provider": "provider[\"registry.terraform.io/hashicorp/aws\"]",
      "instances": [
        {
          "schema_version": 1,
          "attributes": {
            "ami": "ami-0d00a2eccd38b6575",
            "arn": "arn:aws:ec2:us-east-2:774979227334:instance/i-0df8d7d81174c8144",
            "associate_public_ip_address": true,
            "availability_zone": "us-east-2a",
            "cpu_core_count": 1,
            "cpu_threads_per_core": 1,
            "credit_specification": [
              {
                "cpu_credits": "standard"
              }
            ],
            "disable_api_termination": false,
            "ebs_block_device": [],
            "ebs_optimized": false,
            "enclave_options": [
              {
                "enabled": false
              }
            ],
            "ephemeral_block_device": [],
            "get_password_data": false,
            "hibernation": false,
            "host_id": null,
            "iam_instance_profile": "",
            "id": "i-0df8d7d81174c8144",
            "instance_initiated_shutdown_behavior": null,
            "instance_state": "running",
            "instance_type": "t2.small",
            "ipv6_address_count": 0,
            "ipv6_addresses": [],
            "key_name": "fluent-pem",
            "metadata_options": [
              {
                "http_endpoint": "enabled",
                "http_put_response_hop_limit": 1,
                "http_tokens": "optional"
              }
            ],
            "monitoring": false,
            "network_interface": [],
            "outpost_arn": "",
            "password_data": "",
            "placement_group": "",
            "primary_network_interface_id": "eni-053f37c9bde221552",
            "private_dns": "ip-172-31-4-173.us-east-2.compute.internal",
            "private_ip": "172.31.4.173",
            "public_dns": "ec2-3-21-158-131.us-east-2.compute.amazonaws.com",
            "public_ip": "3.21.158.131",
            "root_block_device": [
              {
                "delete_on_termination": true,
                "device_name": "/dev/xvda",
                "encrypted": false,
                "iops": 100,
                "kms_key_id": "",
                "tags": {},
                "throughput": 0,
                "volume_id": "vol-0ca28de4a553990f1",
                "volume_size": 8,
                "volume_type": "gp2"
              }
            ],
            "secondary_private_ips": [],
            "security_groups": [
              "terraform-20210426004319013200000001"
            ],
            "source_dest_check": true,
            "subnet_id": "subnet-c81fa3a3",
            "tags": {
              "Name": "FLUENT"
            },
            "tenancy": "default",
            "timeouts": null,
            "user_data": null,
            "user_data_base64": null,
            "volume_tags": null,
            "vpc_security_group_ids": [
              "sg-0dcfbb3547df83e5a"
            ]
          },
          "sensitive_attributes": [],
          "private": "eyJlMmJmYjczMC1lY2FhLTExZTYtOGY4OC0zNDM2M2JjN2M0YzAiOnsiY3JlYXRlIjo2MDAwMDAwMDAwMDAsImRlbGV0ZSI6MTIwMDAwMDAwMDAwMCwidXBkYXRlIjo2MDAwMDAwMDAwMDB9LCJzY2hlbWFfdmVyc2lvbiI6IjEifQ==",
          "dependencies": [
            "aws_security_group.testInstanceSG"
          ]
        }
      ]
    },
    {
      "mode": "managed",
      "type": "aws_security_group",
      "name": "testInstanceSG",
      "provider": "provider[\"registry.terraform.io/hashicorp/aws\"]",
      "instances": [
        {
          "schema_version": 1,
          "attributes": {
            "arn": "arn:aws:ec2:us-east-2:774979227334:security-group/sg-0dcfbb3547df83e5a",
            "description": "Managed by Terraform",
            "egress": [],
            "id": "sg-0dcfbb3547df83e5a",
            "ingress": [
              {
                "cidr_blocks": [
                  "0.0.0.0/0"
                ],
                "description": "",
                "from_port": 22,
                "ipv6_cidr_blocks": [],
                "prefix_list_ids": [],
                "protocol": "tcp",
                "security_groups": [],
                "self": false,
                "to_port": 22
              },
              {
                "cidr_blocks": [
                  "0.0.0.0/0"
                ],
                "description": "",
                "from_port": 443,
                "ipv6_cidr_blocks": [],
                "prefix_list_ids": [],
                "protocol": "tcp",
                "security_groups": [],
                "self": false,
                "to_port": 443
              },
              {
                "cidr_blocks": [
                  "0.0.0.0/0"
                ],
                "description": "",
                "from_port": 8080,
                "ipv6_cidr_blocks": [],
                "prefix_list_ids": [],
                "protocol": "tcp",
                "security_groups": [],
                "self": false,
                "to_port": 8080
              },
              {
                "cidr_blocks": [
                  "0.0.0.0/0"
                ],
                "description": "",
                "from_port": 80,
                "ipv6_cidr_blocks": [],
                "prefix_list_ids": [],
                "protocol": "tcp",
                "security_groups": [],
                "self": false,
                "to_port": 8080
              }
            ],
            "name": "terraform-20210426004319013200000001",
            "name_prefix": "terraform-",
            "owner_id": "774979227334",
            "revoke_rules_on_delete": false,
            "tags": {},
            "timeouts": null,
            "vpc_id": "vpc-0f77e364"
          },
          "sensitive_attributes": [],
          "private": "eyJlMmJmYjczMC1lY2FhLTExZTYtOGY4OC0zNDM2M2JjN2M0YzAiOnsiY3JlYXRlIjo2MDAwMDAwMDAwMDAsImRlbGV0ZSI6OTAwMDAwMDAwMDAwfSwic2NoZW1hX3ZlcnNpb24iOiIxIn0="
        }
      ]
    }
  ]
}
